
Microsoft Visual Studio Solution File, Format Version 12.00
# Visual Studio 15
VisualStudioVersion = 15.0.28307.106
MinimumVisualStudioVersion = 10.0.40219.1
Project("{FAE04EC0-301F-11D3-BF4B-00C04F79EFBC}") = "RealTimeCharts_Server", "RealTimeCharts_Server\RealTimeCharts_Server.csproj", "{0D717655-CC04-4588-A22C-B08E912DCA9F}"
EndProject
Global
	GlobalSection(SolutionConfigurationPlatforms) = preSolution
		Debug|Any CPU = Debug|Any CPU
		Release|Any CPU = Release|Any CPU
	EndGlobalSection
	GlobalSection(ProjectConfigurationPlatforms) = postSolution
		{0D717655-CC04-4588-A22C-B08E912DCA9F}.Debug|Any CPU.ActiveCfg = Debug|Any CPU
		{0D717655-CC04-4588-A22C-B08E912DCA9F}.Debug|Any CPU.Build.0 = Debug|Any CPU
		{0D717655-CC04-4588-A22C-B08E912DCA9F}.Release|Any CPU.ActiveCfg = Release|Any CPU
		{0D717655-CC04-4588-A22C-B08E912DCA9F}.Release|Any CPU.Build.0 = Release|Any CPU
	EndGlobalSection
	GlobalSection(SolutionProperties) = preSolution
		HideSolutionNode = FALSE
	EndGlobalSection
	GlobalSection(ExtensibilityGlobals) = postSolution
		SolutionGuid = {1A5ABB0D-31F5-4ABC-801A-0D92DB054C8C}
	EndGlobalSection
EndGlobal
